
Microsoft Visual Studio Solution File, Format Version 12.00
# Visual Studio Version 17
VisualStudioVersion = 17.4.33110.190
MinimumVisualStudioVersion = 10.0.40219.1
Project("{9A19103F-16F7-4668-BE54-9A1E7A4F7556}") = "Blog", "Blog.csproj", "{035DCB39-1D40-4272-96AF-7F587A0ACCA0}"
EndProject
Global
	GlobalSection(SolutionConfigurationPlatforms) = preSolution
		Debug|Any CPU = Debug|Any CPU
		Release|Any CPU = Release|Any CPU
	EndGlobalSection
	GlobalSection(ProjectConfigurationPlatforms) = postSolution
		{035DCB39-1D40-4272-96AF-7F587A0ACCA0}.Debug|Any CPU.ActiveCfg = Debug|Any CPU
		{035DCB39-1D40-4272-96AF-7F587A0ACCA0}.Debug|Any CPU.Build.0 = Debug|Any CPU
		{035DCB39-1D40-4272-96AF-7F587A0ACCA0}.Release|Any CPU.ActiveCfg = Release|Any CPU
		{035DCB39-1D40-4272-96AF-7F587A0ACCA0}.Release|Any CPU.Build.0 = Release|Any CPU
	EndGlobalSection
	GlobalSection(SolutionProperties) = preSolution
		HideSolutionNode = FALSE
	EndGlobalSection
	GlobalSection(ExtensibilityGlobals) = postSolution
		SolutionGuid = {CC924DD8-A150-4984-B231-7A0C5F395DF3}
	EndGlobalSection
EndGlobal
